# THIS IS AN AUTOGENERATED FILE. DO NOT EDIT THIS FILE DIRECTLY.
# yarn lockfile v1


emojibase-data@^5.0.0:
  version "5.0.1"
  resolved "https://registry.yarnpkg.com/emojibase-data/-/emojibase-data-5.0.1.tgz#ce6fe36b4affd3578e0be8779211018a2fdae960"
  integrity sha512-rYWlogJ2q5P78U8Xx1vhsXHcYKu1wFnr7+o6z9QHssZ1SsJLTCkJINZIPHRFWuDreAUK457TkqHpdOXElu0fzA==
